
Microsoft Visual Studio Solution File, Format Version 12.00
# Visual Studio Version 16
VisualStudioVersion = 16.0.31112.23
MinimumVisualStudioVersion = 10.0.40219.1
Project("{FAE04EC0-301F-11D3-BF4B-00C04F79EFBC}") = "Bank System", "Bank System\Bank System.csproj", "{F13C5B11-1106-4186-A324-334994B47497}"
EndProject
Project("{9A19103F-16F7-4668-BE54-9A1E7A4F7556}") = "Bank.Tests", "BankService.Tests\Bank.Tests.csproj", "{11A1766A-00F9-4345-9C84-EBB18B3C4535}"
EndProject
Global
	GlobalSection(SolutionConfigurationPlatforms) = preSolution
		Debug|Any CPU = Debug|Any CPU
		Release|Any CPU = Release|Any CPU
	EndGlobalSection
	GlobalSection(ProjectConfigurationPlatforms) = postSolution
		{F13C5B11-1106-4186-A324-334994B47497}.Debug|Any CPU.ActiveCfg = Debug|Any CPU
		{F13C5B11-1106-4186-A324-334994B47497}.Debug|Any CPU.Build.0 = Debug|Any CPU
		{F13C5B11-1106-4186-A324-334994B47497}.Release|Any CPU.ActiveCfg = Release|Any CPU
		{F13C5B11-1106-4186-A324-334994B47497}.Release|Any CPU.Build.0 = Release|Any CPU
		{11A1766A-00F9-4345-9C84-EBB18B3C4535}.Debug|Any CPU.ActiveCfg = Debug|Any CPU
		{11A1766A-00F9-4345-9C84-EBB18B3C4535}.Debug|Any CPU.Build.0 = Debug|Any CPU
		{11A1766A-00F9-4345-9C84-EBB18B3C4535}.Release|Any CPU.ActiveCfg = Release|Any CPU
		{11A1766A-00F9-4345-9C84-EBB18B3C4535}.Release|Any CPU.Build.0 = Release|Any CPU
	EndGlobalSection
	GlobalSection(SolutionProperties) = preSolution
		HideSolutionNode = FALSE
	EndGlobalSection
	GlobalSection(ExtensibilityGlobals) = postSolution
		SolutionGuid = {6FF5A2F9-97D0-4D79-9D8D-BD27B234BCC9}
	EndGlobalSection
EndGlobal
